# THIS IS AN AUTOGENERATED FILE. DO NOT EDIT THIS FILE DIRECTLY.
# yarn lockfile v1


"@types/node@*":
  version "18.6.3"
  resolved "https://registry.yarnpkg.com/@types/node/-/node-18.6.3.tgz#4e4a95b6fe44014563ceb514b2598b3e623d1c98"
  integrity sha512-6qKpDtoaYLM+5+AFChLhHermMQxc3TOEFIDzrZLPRGHPrLEwqFkkT5Kx3ju05g6X7uDPazz3jHbKPX0KzCjntg==

"@types/sqlite3@^3.1.8":
  version "3.1.8"
  resolved "https://registry.yarnpkg.com/@types/sqlite3/-/sqlite3-3.1.8.tgz#e64310c5841fc01c1a8795d960d951e4cf940296"
  integrity sha512-sQMt/qnyUWnqiTcJXm5ZfNPIBeJ/DVvJDwxw+0tAxPJvadzfiP1QhryO1JOR6t1yfb8NpzQb/Rud06mob5laIA==
  dependencies:
    "@types/node" "*"
